// !$*UTF8*$!
{
	archiveVersion = 1;
	classes = {
	};
	objectVersion = 46;
	objects = {

/* Begin PBXBuildFile section */
		505285171C8D20D600B4B426 /* Emoji.xcassets in Resources */ = {isa = PBXBuildFile; fileRef = 505285021C8D20D600B4B426 /* Emoji.xcassets */; };
		505285181C8D20D600B4B426 /* EmojiList.plist in Resources */ = {isa = PBXBuildFile; fileRef = 505285031C8D20D600B4B426 /* EmojiList.plist */; };
		505285191C8D20D600B4B426 /* MXAttachmentNode.m in Sources */ = {isa = PBXBuildFile; fileRef = 505285051C8D20D600B4B426 /* MXAttachmentNode.m */; };
		5052851A1C8D20D600B4B426 /* MXBaseNode.m in Sources */ = {isa = PBXBuildFile; fileRef = 505285071C8D20D600B4B426 /* MXBaseNode.m */; };
		5052851B1C8D20D600B4B426 /* MXEmojiNode.m in Sources */ = {isa = PBXBuildFile; fileRef = 505285091C8D20D600B4B426 /* MXEmojiNode.m */; };
		5052851C1C8D20D600B4B426 /* MXLinkControl.m in Sources */ = {isa = PBXBuildFile; fileRef = 5052850B1C8D20D600B4B426 /* MXLinkControl.m */; };
		5052851D1C8D20D600B4B426 /* MXLinkNode.m in Sources */ = {isa = PBXBuildFile; fileRef = 5052850D1C8D20D600B4B426 /* MXLinkNode.m */; };
		5052851E1C8D20D600B4B426 /* MXRichTextView.m in Sources */ = {isa = PBXBuildFile; fileRef = 5052850F1C8D20D600B4B426 /* MXRichTextView.m */; };
		5052851F1C8D20D600B4B426 /* NSString+calculate.m in Sources */ = {isa = PBXBuildFile; fileRef = 505285121C8D20D600B4B426 /* NSString+calculate.m */; };
		505285201C8D20D600B4B426 /* NSString+parser.m in Sources */ = {isa = PBXBuildFile; fileRef = 505285141C8D20D600B4B426 /* NSString+parser.m */; };
		505285211C8D20D600B4B426 /* UIView+Coordinate.m in Sources */ = {isa = PBXBuildFile; fileRef = 505285161C8D20D600B4B426 /* UIView+Coordinate.m */; };
		5058EE671C3BC604002751DB /* main.m in Sources */ = {isa = PBXBuildFile; fileRef = 5058EE661C3BC604002751DB /* main.m */; };
		5058EE6A1C3BC604002751DB /* AppDelegate.m in Sources */ = {isa = PBXBuildFile; fileRef = 5058EE691C3BC604002751DB /* AppDelegate.m */; };
		5058EE6D1C3BC604002751DB /* ViewController.m in Sources */ = {isa = PBXBuildFile; fileRef = 5058EE6C1C3BC604002751DB /* ViewController.m */; };
		5058EE701C3BC604002751DB /* Main.storyboard in Resources */ = {isa = PBXBuildFile; fileRef = 5058EE6E1C3BC604002751DB /* Main.storyboard */; };
		5058EE721C3BC604002751DB /* Assets.xcassets in Resources */ = {isa = PBXBuildFile; fileRef = 5058EE711C3BC604002751DB /* Assets.xcassets */; };
		5058EE751C3BC604002751DB /* LaunchScreen.storyboard in Resources */ = {isa = PBXBuildFile; fileRef = 5058EE731C3BC604002751DB /* LaunchScreen.storyboard */; };
		5058EE801C3BCA55002751DB /* CoreText.framework in Frameworks */ = {isa = PBXBuildFile; fileRef = 5058EE7F1C3BCA55002751DB /* CoreText.framework */; };
/* End PBXBuildFile section */

/* Begin PBXFileReference section */
		505285021C8D20D600B4B426 /* Emoji.xcassets */ = {isa = PBXFileReference; lastKnownFileType = folder.assetcatalog; path = Emoji.xcassets; sourceTree = "<group>"; };
		505285031C8D20D600B4B426 /* EmojiList.plist */ = {isa = PBXFileReference; fileEncoding = 4; lastKnownFileType = text.plist.xml; path = EmojiList.plist; sourceTree = "<group>"; };
		505285041C8D20D600B4B426 /* MXAttachmentNode.h */ = {isa = PBXFileReference; fileEncoding = 4; lastKnownFileType = sourcecode.c.h; path = MXAttachmentNode.h; sourceTree = "<group>"; };
		505285051C8D20D600B4B426 /* MXAttachmentNode.m */ = {isa = PBXFileReference; fileEncoding = 4; lastKnownFileType = sourcecode.c.objc; path = MXAttachmentNode.m; sourceTree = "<group>"; };
		505285061C8D20D600B4B426 /* MXBaseNode.h */ = {isa = PBXFileReference; fileEncoding = 4; lastKnownFileType = sourcecode.c.h; path = MXBaseNode.h; sourceTree = "<group>"; };
		505285071C8D20D600B4B426 /* MXBaseNode.m */ = {isa = PBXFileReference; fileEncoding = 4; lastKnownFileType = sourcecode.c.objc; path = MXBaseNode.m; sourceTree = "<group>"; };
		505285081C8D20D600B4B426 /* MXEmojiNode.h */ = {isa = PBXFileReference; fileEncoding = 4; lastKnownFileType = sourcecode.c.h; path = MXEmojiNode.h; sourceTree = "<group>"; };
		505285091C8D20D600B4B426 /* MXEmojiNode.m */ = {isa = PBXFileReference; fileEncoding = 4; lastKnownFileType = sourcecode.c.objc; path = MXEmojiNode.m; sourceTree = "<group>"; };
		5052850A1C8D20D600B4B426 /* MXLinkControl.h */ = {isa = PBXFileReference; fileEncoding = 4; lastKnownFileType = sourcecode.c.h; path = MXLinkControl.h; sourceTree = "<group>"; };
		5052850B1C8D20D600B4B426 /* MXLinkControl.m */ = {isa = PBXFileReference; fileEncoding = 4; lastKnownFileType = sourcecode.c.objc; path = MXLinkControl.m; sourceTree = "<group>"; };
		5052850C1C8D20D600B4B426 /* MXLinkNode.h */ = {isa = PBXFileReference; fileEncoding = 4; lastKnownFileType = sourcecode.c.h; path = MXLinkNode.h; sourceTree = "<group>"; };
		5052850D1C8D20D600B4B426 /* MXLinkNode.m */ = {isa = PBXFileReference; fileEncoding = 4; lastKnownFileType = sourcecode.c.objc; path = MXLinkNode.m; sourceTree = "<group>"; };
		5052850E1C8D20D600B4B426 /* MXRichTextView.h */ = {isa = PBXFileReference; fileEncoding = 4; lastKnownFileType = sourcecode.c.h; path = MXRichTextView.h; sourceTree = "<group>"; };
		5052850F1C8D20D600B4B426 /* MXRichTextView.m */ = {isa = PBXFileReference; fileEncoding = 4; lastKnownFileType = sourcecode.c.objc; path = MXRichTextView.m; sourceTree = "<group>"; };
		505285101C8D20D600B4B426 /* MXRichTextViewHeader.h */ = {isa = PBXFileReference; fileEncoding = 4; lastKnownFileType = sourcecode.c.h; path = MXRichTextViewHeader.h; sourceTree = "<group>"; };
		505285111C8D20D600B4B426 /* NSString+calculate.h */ = {isa = PBXFileReference; fileEncoding = 4; lastKnownFileType = sourcecode.c.h; path = "NSString+calculate.h"; sourceTree = "<group>"; };
		505285121C8D20D600B4B426 /* NSString+calculate.m */ = {isa = PBXFileReference; fileEncoding = 4; lastKnownFileType = sourcecode.c.objc; path = "NSString+calculate.m"; sourceTree = "<group>"; };
		505285131C8D20D600B4B426 /* NSString+parser.h */ = {isa = PBXFileReference; fileEncoding = 4; lastKnownFileType = sourcecode.c.h; path = "NSString+parser.h"; sourceTree = "<group>"; };
		505285141C8D20D600B4B426 /* NSString+parser.m */ = {isa = PBXFileReference; fileEncoding = 4; lastKnownFileType = sourcecode.c.objc; path = "NSString+parser.m"; sourceTree = "<group>"; };
		505285151C8D20D600B4B426 /* UIView+Coordinate.h */ = {isa = PBXFileReference; fileEncoding = 4; lastKnownFileType = sourcecode.c.h; path = "UIView+Coordinate.h"; sourceTree = "<group>"; };
		505285161C8D20D600B4B426 /* UIView+Coordinate.m */ = {isa = PBXFileReference; fileEncoding = 4; lastKnownFileType = sourcecode.c.objc; path = "UIView+Coordinate.m"; sourceTree = "<group>"; };
		5058EE621C3BC604002751DB /* MXCoreText.app */ = {isa = PBXFileReference; explicitFileType = wrapper.application; includeInIndex = 0; path = MXCoreText.app; sourceTree = BUILT_PRODUCTS_DIR; };
		5058EE661C3BC604002751DB /* main.m */ = {isa = PBXFileReference; lastKnownFileType = sourcecode.c.objc; path = main.m; sourceTree = "<group>"; };
		5058EE681C3BC604002751DB /* AppDelegate.h */ = {isa = PBXFileReference; lastKnownFileType = sourcecode.c.h; path = AppDelegate.h; sourceTree = "<group>"; };
		5058EE691C3BC604002751DB /* AppDelegate.m */ = {isa = PBXFileReference; lastKnownFileType = sourcecode.c.objc; path = AppDelegate.m; sourceTree = "<group>"; };
		5058EE6B1C3BC604002751DB /* ViewController.h */ = {isa = PBXFileReference; lastKnownFileType = sourcecode.c.h; path = ViewController.h; sourceTree = "<group>"; };
		5058EE6C1C3BC604002751DB /* ViewController.m */ = {isa = PBXFileReference; lastKnownFileType = sourcecode.c.objc; path = ViewController.m; sourceTree = "<group>"; };
		5058EE6F1C3BC604002751DB /* Base */ = {isa = PBXFileReference; lastKnownFileType = file.storyboard; name = Base; path = Base.lproj/Main.storyboard; sourceTree = "<group>"; };
		5058EE711C3BC604002751DB /* Assets.xcassets */ = {isa = PBXFileReference; lastKnownFileType = folder.assetcatalog; path = Assets.xcassets; sourceTree = "<group>"; };
		5058EE741C3BC604002751DB /* Base */ = {isa = PBXFileReference; lastKnownFileType = file.storyboard; name = Base; path = Base.lproj/LaunchScreen.storyboard; sourceTree = "<group>"; };
		5058EE761C3BC604002751DB /* Info.plist */ = {isa = PBXFileReference; lastKnownFileType = text.plist.xml; path = Info.plist; sourceTree = "<group>"; };
		5058EE7F1C3BCA55002751DB /* CoreText.framework */ = {isa = PBXFileReference; lastKnownFileType = wrapper.framework; name = CoreText.framework; path = System/Library/Frameworks/CoreText.framework; sourceTree = SDKROOT; };
/* End PBXFileReference section */

/* Begin PBXFrameworksBuildPhase section */
		5058EE5F1C3BC604002751DB /* Frameworks */ = {
			isa = PBXFrameworksBuildPhase;
			buildActionMask = 2147483647;
			files = (
				5058EE801C3BCA55002751DB /* CoreText.framework in Frameworks */,
			);
			runOnlyForDeploymentPostprocessing = 0;
		};
/* End PBXFrameworksBuildPhase section */

/* Begin PBXGroup section */
		505285011C8D20D600B4B426 /* MXRichText */ = {
			isa = PBXGroup;
			children = (
				505285021C8D20D600B4B426 /* Emoji.xcassets */,
				505285031C8D20D600B4B426 /* EmojiList.plist */,
				505285041C8D20D600B4B426 /* MXAttachmentNode.h */,
				505285051C8D20D600B4B426 /* MXAttachmentNode.m */,
				505285061C8D20D600B4B426 /* MXBaseNode.h */,
				505285071C8D20D600B4B426 /* MXBaseNode.m */,
				505285081C8D20D600B4B426 /* MXEmojiNode.h */,
				505285091C8D20D600B4B426 /* MXEmojiNode.m */,
				5052850A1C8D20D600B4B426 /* MXLinkControl.h */,
				5052850B1C8D20D600B4B426 /* MXLinkControl.m */,
				5052850C1C8D20D600B4B426 /* MXLinkNode.h */,
				5052850D1C8D20D600B4B426 /* MXLinkNode.m */,
				5052850E1C8D20D600B4B426 /* MXRichTextView.h */,
				5052850F1C8D20D600B4B426 /* MXRichTextView.m */,
				505285101C8D20D600B4B426 /* MXRichTextViewHeader.h */,
				505285111C8D20D600B4B426 /* NSString+calculate.h */,
				505285121C8D20D600B4B426 /* NSString+calculate.m */,
				505285131C8D20D600B4B426 /* NSString+parser.h */,
				505285141C8D20D600B4B426 /* NSString+parser.m */,
				505285151C8D20D600B4B426 /* UIView+Coordinate.h */,
				505285161C8D20D600B4B426 /* UIView+Coordinate.m */,
			);
			path = MXRichText;
			sourceTree = "<group>";
		};
		5058EE591C3BC604002751DB = {
			isa = PBXGroup;
			children = (
				505285011C8D20D600B4B426 /* MXRichText */,
				5058EE7F1C3BCA55002751DB /* CoreText.framework */,
				5058EE641C3BC604002751DB /* MXCoreText */,
				5058EE631C3BC604002751DB /* Products */,
			);
			sourceTree = "<group>";
		};
		5058EE631C3BC604002751DB /* Products */ = {
			isa = PBXGroup;
			children = (
				5058EE621C3BC604002751DB /* MXCoreText.app */,
			);
			name = Products;
			sourceTree = "<group>";
		};
		5058EE641C3BC604002751DB /* MXCoreText */ = {
			isa = PBXGroup;
			children = (
				5058EE681C3BC604002751DB /* AppDelegate.h */,
				5058EE691C3BC604002751DB /* AppDelegate.m */,
				5058EE6B1C3BC604002751DB /* ViewController.h */,
				5058EE6C1C3BC604002751DB /* ViewController.m */,
				5058EE6E1C3BC604002751DB /* Main.storyboard */,
				5058EE711C3BC604002751DB /* Assets.xcassets */,
				5058EE731C3BC604002751DB /* LaunchScreen.storyboard */,
				5058EE761C3BC604002751DB /* Info.plist */,
				5058EE651C3BC604002751DB /* Supporting Files */,
			);
			path = MXCoreText;
			sourceTree = "<group>";
		};
		5058EE651C3BC604002751DB /* Supporting Files */ = {
			isa = PBXGroup;
			children = (
				5058EE661C3BC604002751DB /* main.m */,
			);
			name = "Supporting Files";
			sourceTree = "<group>";
		};
/* End PBXGroup section */

/* Begin PBXNativeTarget section */
		5058EE611C3BC604002751DB /* MXCoreText */ = {
			isa = PBXNativeTarget;
			buildConfigurationList = 5058EE791C3BC604002751DB /* Build configuration list for PBXNativeTarget "MXCoreText" */;
			buildPhases = (
				5058EE5E1C3BC604002751DB /* Sources */,
				5058EE5F1C3BC604002751DB /* Frameworks */,
				5058EE601C3BC604002751DB /* Resources */,
			);
			buildRules = (
			);
			dependencies = (
			);
			name = MXCoreText;
			productName = MXCoreText;
			productReference = 5058EE621C3BC604002751DB /* MXCoreText.app */;
			productType = "com.apple.product-type.application";
		};
/* End PBXNativeTarget section */

/* Begin PBXProject section */
		5058EE5A1C3BC604002751DB /* Project object */ = {
			isa = PBXProject;
			attributes = {
				LastUpgradeCheck = 0720;
				ORGANIZATIONNAME = Max;
				TargetAttributes = {
					5058EE611C3BC604002751DB = {
						CreatedOnToolsVersion = 7.2;
					};
				};
			};
			buildConfigurationList = 5058EE5D1C3BC604002751DB /* Build configuration list for PBXProject "MXCoreText" */;
			compatibilityVersion = "Xcode 3.2";
			developmentRegion = English;
			hasScannedForEncodings = 0;
			knownRegions = (
				en,
				Base,
			);
			mainGroup = 5058EE591C3BC604002751DB;
			productRefGroup = 5058EE631C3BC604002751DB /* Products */;
			projectDirPath = "";
			projectRoot = "";
			targets = (
				5058EE611C3BC604002751DB /* MXCoreText */,
			);
		};
/* End PBXProject section */

/* Begin PBXResourcesBuildPhase section */
		5058EE601C3BC604002751DB /* Resources */ = {
			isa = PBXResourcesBuildPhase;
			buildActionMask = 2147483647;
			files = (
				5058EE751C3BC604002751DB /* LaunchScreen.storyboard in Resources */,
				5058EE721C3BC604002751DB /* Assets.xcassets in Resources */,
				505285181C8D20D600B4B426 /* EmojiList.plist in Resources */,
				505285171C8D20D600B4B426 /* Emoji.xcassets in Resources */,
				5058EE701C3BC604002751DB /* Main.storyboard in Resources */,
			);
			runOnlyForDeploymentPostprocessing = 0;
		};
/* End PBXResourcesBuildPhase section */

/* Begin PBXSourcesBuildPhase section */
		5058EE5E1C3BC604002751DB /* Sources */ = {
			isa = PBXSourcesBuildPhase;
			buildActionMask = 2147483647;
			files = (
				505285201C8D20D600B4B426 /* NSString+parser.m in Sources */,
				5052851D1C8D20D600B4B426 /* MXLinkNode.m in Sources */,
				505285211C8D20D600B4B426 /* UIView+Coordinate.m in Sources */,
				5058EE6D1C3BC604002751DB /* ViewController.m in Sources */,
				5052851F1C8D20D600B4B426 /* NSString+calculate.m in Sources */,
				5052851E1C8D20D600B4B426 /* MXRichTextView.m in Sources */,
				505285191C8D20D600B4B426 /* MXAttachmentNode.m in Sources */,
				5058EE6A1C3BC604002751DB /* AppDelegate.m in Sources */,
				5058EE671C3BC604002751DB /* main.m in Sources */,
				5052851A1C8D20D600B4B426 /* MXBaseNode.m in Sources */,
				5052851B1C8D20D600B4B426 /* MXEmojiNode.m in Sources */,
				5052851C1C8D20D600B4B426 /* MXLinkControl.m in Sources */,
			);
			runOnlyForDeploymentPostprocessing = 0;
		};
/* End PBXSourcesBuildPhase section */

/* Begin PBXVariantGroup section */
		5058EE6E1C3BC604002751DB /* Main.storyboard */ = {
			isa = PBXVariantGroup;
			children = (
				5058EE6F1C3BC604002751DB /* Base */,
			);
			name = Main.storyboard;
			sourceTree = "<group>";
		};
		5058EE731C3BC604002751DB /* LaunchScreen.storyboard */ = {
			isa = PBXVariantGroup;
			children = (
				5058EE741C3BC604002751DB /* Base */,
			);
			name = LaunchScreen.storyboard;
			sourceTree = "<group>";
		};
/* End PBXVariantGroup section */

/* Begin XCBuildConfiguration section */
		5058EE771C3BC604002751DB /* Debug */ = {
			isa = XCBuildConfiguration;
			buildSettings = {
				ALWAYS_SEARCH_USER_PATHS = NO;
				CLANG_CXX_LANGUAGE_STANDARD = "gnu++0x";
				CLANG_CXX_LIBRARY = "libc++";
				CLANG_ENABLE_MODULES = YES;
				CLANG_ENABLE_OBJC_ARC = YES;
				CLANG_WARN_BOOL_CONVERSION = YES;
				CLANG_WARN_CONSTANT_CONVERSION = YES;
				CLANG_WARN_DIRECT_OBJC_ISA_USAGE = YES_ERROR;
				CLANG_WARN_EMPTY_BODY = YES;
				CLANG_WARN_ENUM_CONVERSION = YES;
				CLANG_WARN_INT_CONVERSION = YES;
				CLANG_WARN_OBJC_ROOT_CLASS = YES_ERROR;
				CLANG_WARN_UNREACHABLE_CODE = YES;
				CLANG_WARN__DUPLICATE_METHOD_MATCH = YES;
				"CODE_SIGN_IDENTITY[sdk=iphoneos*]" = "iPhone Developer";
				COPY_PHASE_STRIP = NO;
				DEBUG_INFORMATION_FORMAT = dwarf;
				ENABLE_STRICT_OBJC_MSGSEND = YES;
				ENABLE_TESTABILITY = YES;
				GCC_C_LANGUAGE_STANDARD = gnu99;
				GCC_DYNAMIC_NO_PIC = NO;
				GCC_NO_COMMON_BLOCKS = YES;
				GCC_OPTIMIZATION_LEVEL = 0;
				GCC_PREPROCESSOR_DEFINITIONS = (
					"DEBUG=1",
					"$(inherited)",
				);
				GCC_WARN_64_TO_32_BIT_CONVERSION = YES;
				GCC_WARN_ABOUT_RETURN_TYPE = YES_ERROR;
				GCC_WARN_UNDECLARED_SELECTOR = YES;
				GCC_WARN_UNINITIALIZED_AUTOS = YES_AGGRESSIVE;
				GCC_WARN_UNUSED_FUNCTION = YES;
				GCC_WARN_UNUSED_VARIABLE = YES;
				IPHONEOS_DEPLOYMENT_TARGET = 9.2;
				MTL_ENABLE_DEBUG_INFO = YES;
				ONLY_ACTIVE_ARCH = YES;
				SDKROOT = iphoneos;
			};
			name = Debug;
		};
		5058EE781C3BC604002751DB /* Release */ = {
			isa = XCBuildConfiguration;
			buildSettings = {
				ALWAYS_SEARCH_USER_PATHS = NO;
				CLANG_CXX_LANGUAGE_STANDARD = "gnu++0x";
				CLANG_CXX_LIBRARY = "libc++";
				CLANG_ENABLE_MODULES = YES;
				CLANG_ENABLE_OBJC_ARC = YES;
				CLANG_WARN_BOOL_CONVERSION = YES;
				CLANG_WARN_CONSTANT_CONVERSION = YES;
				CLANG_WARN_DIRECT_OBJC_ISA_USAGE = YES_ERROR;
				CLANG_WARN_EMPTY_BODY = YES;
				CLANG_WARN_ENUM_CONVERSION = YES;
				CLANG_WARN_INT_CONVERSION = YES;
				CLANG_WARN_OBJC_ROOT_CLASS = YES_ERROR;
				CLANG_WARN_UNREACHABLE_CODE = YES;
				CLANG_WARN__DUPLICATE_METHOD_MATCH = YES;
				"CODE_SIGN_IDENTITY[sdk=iphoneos*]" = "iPhone Developer";
				COPY_PHASE_STRIP = NO;
				DEBUG_INFORMATION_FORMAT = "dwarf-with-dsym";
				ENABLE_NS_ASSERTIONS = NO;
				ENABLE_STRICT_OBJC_MSGSEND = YES;
				GCC_C_LANGUAGE_STANDARD = gnu99;
				GCC_NO_COMMON_BLOCKS = YES;
				GCC_WARN_64_TO_32_BIT_CONVERSION = YES;
				GCC_WARN_ABOUT_RETURN_TYPE = YES_ERROR;
				GCC_WARN_UNDECLARED_SELECTOR = YES;
				GCC_WARN_UNINITIALIZED_AUTOS = YES_AGGRESSIVE;
				GCC_WARN_UNUSED_FUNCTION = YES;
				GCC_WARN_UNUSED_VARIABLE = YES;
				IPHONEOS_DEPLOYMENT_TARGET = 9.2;
				MTL_ENABLE_DEBUG_INFO = NO;
				SDKROOT = iphoneos;
				VALIDATE_PRODUCT = YES;
			};
			name = Release;
		};
		5058EE7A1C3BC604002751DB /* Debug */ = {
			isa = XCBuildConfiguration;
			buildSettings = {
				ASSETCATALOG_COMPILER_APPICON_NAME = AppIcon;
				INFOPLIST_FILE = MXCoreText/Info.plist;
				LD_RUNPATH_SEARCH_PATHS = "$(inherited) @executable_path/Frameworks";
				PRODUCT_BUNDLE_IDENTIFIER = Max.MXCoreText;
				PRODUCT_NAME = "$(TARGET_NAME)";
			};
			name = Debug;
		};
		5058EE7B1C3BC604002751DB /* Release */ = {
			isa = XCBuildConfiguration;
			buildSettings = {
				ASSETCATALOG_COMPILER_APPICON_NAME = AppIcon;
				INFOPLIST_FILE = MXCoreText/Info.plist;
				LD_RUNPATH_SEARCH_PATHS = "$(inherited) @executable_path/Frameworks";
				PRODUCT_BUNDLE_IDENTIFIER = Max.MXCoreText;
				PRODUCT_NAME = "$(TARGET_NAME)";
			};
			name = Release;
		};
/* End XCBuildConfiguration section */

/* Begin XCConfigurationList section */
		5058EE5D1C3BC604002751DB /* Build configuration list for PBXProject "MXCoreText" */ = {
			isa = XCConfigurationList;
			buildConfigurations = (
				5058EE771C3BC604002751DB /* Debug */,
				5058EE781C3BC604002751DB /* Release */,
			);
			defaultConfigurationIsVisible = 0;
			defaultConfigurationName = Release;
		};
		5058EE791C3BC604002751DB /* Build configuration list for PBXNativeTarget "MXCoreText" */ = {
			isa = XCConfigurationList;
			buildConfigurations = (
				5058EE7A1C3BC604002751DB /* Debug */,
				5058EE7B1C3BC604002751DB /* Release */,
			);
			defaultConfigurationIsVisible = 0;
			defaultConfigurationName = Release;
		};
/* End XCConfigurationList section */
	};
	rootObject = 5058EE5A1C3BC604002751DB /* Project object */;
}
